
Microsoft Visual Studio Solution File, Format Version 12.00
# Visual Studio Version 17
VisualStudioVersion = 17.8.34511.84
MinimumVisualStudioVersion = 10.0.40219.1
Project("{FAE04EC0-301F-11D3-BF4B-00C04F79EFBC}") = "final3", "final3\final3.csproj", "{4E1EA931-2112-4225-9B12-E3A8D4BC40DA}"
EndProject
Global
	GlobalSection(SolutionConfigurationPlatforms) = preSolution
		Debug|Any CPU = Debug|Any CPU
		Release|Any CPU = Release|Any CPU
	EndGlobalSection
	GlobalSection(ProjectConfigurationPlatforms) = postSolution
		{4E1EA931-2112-4225-9B12-E3A8D4BC40DA}.Debug|Any CPU.ActiveCfg = Debug|Any CPU
		{4E1EA931-2112-4225-9B12-E3A8D4BC40DA}.Debug|Any CPU.Build.0 = Debug|Any CPU
		{4E1EA931-2112-4225-9B12-E3A8D4BC40DA}.Release|Any CPU.ActiveCfg = Release|Any CPU
		{4E1EA931-2112-4225-9B12-E3A8D4BC40DA}.Release|Any CPU.Build.0 = Release|Any CPU
	EndGlobalSection
	GlobalSection(SolutionProperties) = preSolution
		HideSolutionNode = FALSE
	EndGlobalSection
	GlobalSection(ExtensibilityGlobals) = postSolution
		SolutionGuid = {3D5E22B6-3326-43D1-90A8-3A5B6E30B65E}
	EndGlobalSection
EndGlobal
